Microsoft Visual Studio Solution File, Format Version 12.00
# Visual Studio Version 17
VisualStudioVersion = 17.5.2.0
MinimumVisualStudioVersion = 10.0.40219.1
Project("{FAE04EC0-301F-11D3-BF4B-00C04F79EFBC}") = "Day1App", "Day1App\Day1App.csproj", "{82F31F07-E85D-6AEC-0AF5-6114666AD8A9}"
EndProject
Project("{FAE04EC0-301F-11D3-BF4B-00C04F79EFBC}") = "Day2App", "Day2App\Day2App.csproj", "{5965B05A-290E-4E74-8EF2-8079F7503EE2}"
EndProject
Project("{FAE04EC0-301F-11D3-BF4B-00C04F79EFBC}") = "Day2_2", "Day2_2\Day2_2.csproj", "{8584A91B-234C-4938-90A5-7C8663371708}"
EndProject
Project("{FAE04EC0-301F-11D3-BF4B-00C04F79EFBC}") = "Day3App", "Day3App\Day3App.csproj", "{74081558-9853-4F0A-94B6-5948D5F1FA59}"
EndProject
Project("{FAE04EC0-301F-11D3-BF4B-00C04F79EFBC}") = "Day4App", "Day4App\Day4App.csproj", "{6C4AEED5-E8C6-4B44-B122-75965FC183ED}"
EndProject
Project("{FAE04EC0-301F-11D3-BF4B-00C04F79EFBC}") = "Day5App", "Day5App\Day5App.csproj", "{50B33B0F-A02D-4EB0-B910-936E07700681}"
EndProject
Project("{FAE04EC0-301F-11D3-BF4B-00C04F79EFBC}") = "Day6App", "Day6App\Day6App.csproj", "{6CED2580-A368-466A-B359-A66518385C5C}"
EndProject
Global
	GlobalSection(SolutionConfigurationPlatforms) = preSolution
		Debug|Any CPU = Debug|Any CPU
		Release|Any CPU = Release|Any CPU
	EndGlobalSection
	GlobalSection(ProjectConfigurationPlatforms) = postSolution
		{82F31F07-E85D-6AEC-0AF5-6114666AD8A9}.Debug|Any CPU.ActiveCfg = Debug|Any CPU
		{82F31F07-E85D-6AEC-0AF5-6114666AD8A9}.Debug|Any CPU.Build.0 = Debug|Any CPU
		{82F31F07-E85D-6AEC-0AF5-6114666AD8A9}.Release|Any CPU.ActiveCfg = Release|Any CPU
		{82F31F07-E85D-6AEC-0AF5-6114666AD8A9}.Release|Any CPU.Build.0 = Release|Any CPU
		{5965B05A-290E-4E74-8EF2-8079F7503EE2}.Debug|Any CPU.ActiveCfg = Debug|Any CPU
		{5965B05A-290E-4E74-8EF2-8079F7503EE2}.Debug|Any CPU.Build.0 = Debug|Any CPU
		{5965B05A-290E-4E74-8EF2-8079F7503EE2}.Release|Any CPU.ActiveCfg = Release|Any CPU
		{5965B05A-290E-4E74-8EF2-8079F7503EE2}.Release|Any CPU.Build.0 = Release|Any CPU
		{8584A91B-234C-4938-90A5-7C8663371708}.Debug|Any CPU.ActiveCfg = Debug|Any CPU
		{8584A91B-234C-4938-90A5-7C8663371708}.Debug|Any CPU.Build.0 = Debug|Any CPU
		{8584A91B-234C-4938-90A5-7C8663371708}.Release|Any CPU.ActiveCfg = Release|Any CPU
		{8584A91B-234C-4938-90A5-7C8663371708}.Release|Any CPU.Build.0 = Release|Any CPU
		{74081558-9853-4F0A-94B6-5948D5F1FA59}.Debug|Any CPU.ActiveCfg = Debug|Any CPU
		{74081558-9853-4F0A-94B6-5948D5F1FA59}.Debug|Any CPU.Build.0 = Debug|Any CPU
		{74081558-9853-4F0A-94B6-5948D5F1FA59}.Release|Any CPU.ActiveCfg = Release|Any CPU
		{74081558-9853-4F0A-94B6-5948D5F1FA59}.Release|Any CPU.Build.0 = Release|Any CPU
		{6C4AEED5-E8C6-4B44-B122-75965FC183ED}.Debug|Any CPU.ActiveCfg = Debug|Any CPU
		{6C4AEED5-E8C6-4B44-B122-75965FC183ED}.Debug|Any CPU.Build.0 = Debug|Any CPU
		{6C4AEED5-E8C6-4B44-B122-75965FC183ED}.Release|Any CPU.ActiveCfg = Release|Any CPU
		{6C4AEED5-E8C6-4B44-B122-75965FC183ED}.Release|Any CPU.Build.0 = Release|Any CPU
		{50B33B0F-A02D-4EB0-B910-936E07700681}.Debug|Any CPU.ActiveCfg = Debug|Any CPU
		{50B33B0F-A02D-4EB0-B910-936E07700681}.Debug|Any CPU.Build.0 = Debug|Any CPU
		{50B33B0F-A02D-4EB0-B910-936E07700681}.Release|Any CPU.ActiveCfg = Release|Any CPU
		{50B33B0F-A02D-4EB0-B910-936E07700681}.Release|Any CPU.Build.0 = Release|Any CPU
		{6CED2580-A368-466A-B359-A66518385C5C}.Debug|Any CPU.ActiveCfg = Debug|Any CPU
		{6CED2580-A368-466A-B359-A66518385C5C}.Debug|Any CPU.Build.0 = Debug|Any CPU
		{6CED2580-A368-466A-B359-A66518385C5C}.Release|Any CPU.ActiveCfg = Release|Any CPU
		{6CED2580-A368-466A-B359-A66518385C5C}.Release|Any CPU.Build.0 = Release|Any CPU
	EndGlobalSection
	GlobalSection(SolutionProperties) = preSolution
		HideSolutionNode = FALSE
	EndGlobalSection
	GlobalSection(ExtensibilityGlobals) = postSolution
		SolutionGuid = {1244A565-6981-434B-B00C-9AE0FFB0835B}
	EndGlobalSection
EndGlobal
